
Microsoft Visual Studio Solution File, Format Version 12.00
# Visual Studio 14
VisualStudioVersion = 14.0.25420.1
MinimumVisualStudioVersion = 10.0.40219.1
Project("{FAE04EC0-301F-11D3-BF4B-00C04F79EFBC}") = "CryptKeeper", "src\CryptKeeper\CryptKeeper.csproj", "{75C22A3D-E719-4863-A406-1E3D5E3E33C2}"
EndProject
Project("{2150E333-8FDC-42A3-9474-1A3956D46DE8}") = "Tests", "Tests", "{4973669D-3EFA-4D8E-B7AD-D6711C08FE22}"
EndProject
Project("{FAE04EC0-301F-11D3-BF4B-00C04F79EFBC}") = "CryptKeeper.Tests", "CryptKeeper.Tests\CryptKeeper.Tests.csproj", "{AC75265F-3CE0-4A33-BB52-47B9B0012310}"
EndProject
Global
	GlobalSection(SolutionConfigurationPlatforms) = preSolution
		Debug|Any CPU = Debug|Any CPU
		Release|Any CPU = Release|Any CPU
	EndGlobalSection
	GlobalSection(ProjectConfigurationPlatforms) = postSolution
		{75C22A3D-E719-4863-A406-1E3D5E3E33C2}.Debug|Any CPU.ActiveCfg = Debug|Any CPU
		{75C22A3D-E719-4863-A406-1E3D5E3E33C2}.Debug|Any CPU.Build.0 = Debug|Any CPU
		{75C22A3D-E719-4863-A406-1E3D5E3E33C2}.Release|Any CPU.ActiveCfg = Release|Any CPU
		{75C22A3D-E719-4863-A406-1E3D5E3E33C2}.Release|Any CPU.Build.0 = Release|Any CPU
		{AC75265F-3CE0-4A33-BB52-47B9B0012310}.Debug|Any CPU.ActiveCfg = Debug|Any CPU
		{AC75265F-3CE0-4A33-BB52-47B9B0012310}.Debug|Any CPU.Build.0 = Debug|Any CPU
		{AC75265F-3CE0-4A33-BB52-47B9B0012310}.Release|Any CPU.ActiveCfg = Release|Any CPU
		{AC75265F-3CE0-4A33-BB52-47B9B0012310}.Release|Any CPU.Build.0 = Release|Any CPU
	EndGlobalSection
	GlobalSection(SolutionProperties) = preSolution
		HideSolutionNode = FALSE
	EndGlobalSection
	GlobalSection(NestedProjects) = preSolution
		{AC75265F-3CE0-4A33-BB52-47B9B0012310} = {4973669D-3EFA-4D8E-B7AD-D6711C08FE22}
	EndGlobalSection
EndGlobal
